<?xml version="1.0" encoding="utf-8"?>
<Project ToolsVersion="4.0" xmlns="http://schemas.microsoft.com/developer/msbuild/2003">
  <ItemGroup>
    <Filter Include="Source Files">
      <UniqueIdentifier>{4FC737F1-C7A5-4376-A066-2A32D752A2FF}</UniqueIdentifier>
      <Extensions>cpp;c;cc;cxx;def;odl;idl;hpj;bat;asm;asmx</Extensions>
    </Filter>
    <Filter Include="Header Files">
      <UniqueIdentifier>{93995380-89BD-4b04-88EB-625FBE52EBFB}</UniqueIdentifier>
      <Extensions>h;hh;hpp;hxx;hm;inl;inc;xsd</Extensions>
    </Filter>
    <Filter Include="Resource Files">
      <UniqueIdentifier>{67DA6AB6-F800-4c08-8B7A-83BB121AAD01}</UniqueIdentifier>
      <Extensions>rc;ico;cur;bmp;dlg;rc2;rct;bin;rgs;gif;jpg;jpeg;jpe;resx;tiff;tif;png;wav;mfcribbon-ms</Extensions>
    </Filter>
    <Filter Include="Header Files\geometry">
      <UniqueIdentifier>{de05ddb4-b187-4534-a786-0360c375c63b}</UniqueIdentifier>
    </Filter>
    <Filter Include="Source Files\geometry">
      <UniqueIdentifier>{ad260e85-5ec0-470c-93d2-53dbbb775cb6}</UniqueIdentifier>
    </Filter>
    <Filter Include="Header Files\entity">
      <UniqueIdentifier>{927268e4-672d-4d65-9ed0-8f8527a2423e}</UniqueIdentifier>
    </Filter>
    <Filter Include="Source Files\entity">
      <UniqueIdentifier>{e0931353-8586-489b-a780-72a58a69d4dd}</UniqueIdentifier>
    </Filter>
    <Filter Include="Source Files\physics">
      <UniqueIdentifier>{3aee0986-da0a-44ce-8073-88b98ac40c30}</UniqueIdentifier>
    </Filter>
    <Filter Include="Header Files\physics">
      <UniqueIdentifier>{a9e01771-7876-411c-94ef-c1caa36a58b4}</UniqueIdentifier>
    </Filter>
    <Filter Include="Header Files\manager">
      <UniqueIdentifier>{ce95f12a-e791-4e07-b745-328d87cf760c}</UniqueIdentifier>
    </Filter>
    <Filter Include="Source Files\manager">
      <UniqueIdentifier>{00d380ec-bfef-417e-bc8f-fdab58653896}</UniqueIdentifier>
    </Filter>
    <Filter Include="Header Files\generator">
      <UniqueIdentifier>{92ea6955-f35d-40fd-8599-53ad83f044a9}</UniqueIdentifier>
    </Filter>
    <Filter Include="Source Files\generator">
      <UniqueIdentifier>{986d1dec-165b-407c-9277-5526adc976cc}</UniqueIdentifier>
    </Filter>
  </ItemGroup>
  <ItemGroup>
    <ClCompile Include="source\main.cpp">
      <Filter>Source Files</Filter>
    </ClCompile>
    <ClCompile Include="source\Application2D.cpp">
      <Filter>Source Files</Filter>
    </ClCompile>
    <ClCompile Include="source\AABB.cpp">
      <Filter>Source Files\geometry</Filter>
    </ClCompile>
    <ClCompile Include="source\circle.cpp">
      <Filter>Source Files\geometry</Filter>
    </ClCompile>
    <ClCompile Include="source\line.cpp">
      <Filter>Source Files\geometry</Filter>
    </ClCompile>
    <ClCompile Include="source\point.cpp">
      <Filter>Source Files\geometry</Filter>
    </ClCompile>
    <ClCompile Include="source\polygon.cpp">
      <Filter>Source Files\geometry</Filter>
    </ClCompile>
    <ClCompile Include="source\collision.cpp">
      <Filter>Source Files\geometry</Filter>
    </ClCompile>
    <ClCompile Include="source\transform.cpp">
      <Filter>Source Files\entity</Filter>
    </ClCompile>
    <ClCompile Include="source\physics.cpp">
      <Filter>Source Files\physics</Filter>
    </ClCompile>
    <ClCompile Include="source\file_manager.cpp">
      <Filter>Source Files\manager</Filter>
    </ClCompile>
    <ClCompile Include="source\collider.cpp">
      <Filter>Source Files\geometry</Filter>
    </ClCompile>
    <ClCompile Include="source\base_entity.cpp">
      <Filter>Source Files\entity</Filter>
    </ClCompile>
    <ClCompile Include="source\wall_entity.cpp">
      <Filter>Source Files\entity</Filter>
    </ClCompile>
    <ClCompile Include="source\player_entity.cpp">
      <Filter>Source Files\entity</Filter>
    </ClCompile>
    <ClCompile Include="source\partition.cpp">
      <Filter>Source Files\entity</Filter>
    </ClCompile>
    <ClCompile Include="source\factory.cpp">
      <Filter>Source Files\generator</Filter>
    </ClCompile>
    <ClCompile Include="source\container.cpp">
      <Filter>Source Files\generator</Filter>
    </ClCompile>
    <ClCompile Include="source\bsp_generator.cpp">
      <Filter>Source Files\generator</Filter>
    </ClCompile>
    <ClCompile Include="source\path.cpp">
      <Filter>Source Files\generator</Filter>
    </ClCompile>
    <ClCompile Include="source\enemy_entity.cpp">
      <Filter>Source Files\entity</Filter>
    </ClCompile>
    <ClCompile Include="source\projectile_entity.cpp">
      <Filter>Source Files\entity</Filter>
    </ClCompile>
    <ClCompile Include="source\weapon_entity.cpp">
      <Filter>Source Files\entity</Filter>
    </ClCompile>
    <ClCompile Include="source\car_entity.cpp">
      <Filter>Source Files\entity</Filter>
    </ClCompile>
    <ClCompile Include="source\mount_entity.cpp">
      <Filter>Source Files\entity</Filter>
    </ClCompile>
    <ClCompile Include="source\seat_entity.cpp">
      <Filter>Source Files\entity</Filter>
    </ClCompile>
  </ItemGroup>
  <ItemGroup>
    <ClInclude Include="source\Application2D.h">
      <Filter>Header Files</Filter>
    </ClInclude>
    <ClInclude Include="source\AABB.h">
      <Filter>Header Files\geometry</Filter>
    </ClInclude>
    <ClInclude Include="source\circle.h">
      <Filter>Header Files\geometry</Filter>
    </ClInclude>
    <ClInclude Include="source\line.h">
      <Filter>Header Files\geometry</Filter>
    </ClInclude>
    <ClInclude Include="source\point.h">
      <Filter>Header Files\geometry</Filter>
    </ClInclude>
    <ClInclude Include="source\polygon.h">
      <Filter>Header Files\geometry</Filter>
    </ClInclude>
    <ClInclude Include="source\collision.h">
      <Filter>Header Files\geometry</Filter>
    </ClInclude>
    <ClInclude Include="source\transform.h">
      <Filter>Header Files\entity</Filter>
    </ClInclude>
    <ClInclude Include="source\physics.h">
      <Filter>Header Files\physics</Filter>
    </ClInclude>
    <ClInclude Include="source\file_manager.h">
      <Filter>Header Files\manager</Filter>
    </ClInclude>
    <ClInclude Include="source\collider.h">
      <Filter>Header Files\geometry</Filter>
    </ClInclude>
    <ClInclude Include="source\base_entity.h">
      <Filter>Header Files\entity</Filter>
    </ClInclude>
    <ClInclude Include="source\wall_entity.h">
      <Filter>Header Files\entity</Filter>
    </ClInclude>
    <ClInclude Include="source\player_entity.h">
      <Filter>Header Files\entity</Filter>
    </ClInclude>
    <ClInclude Include="source\partition.h">
      <Filter>Header Files\entity</Filter>
    </ClInclude>
    <ClInclude Include="source\factory.h">
      <Filter>Header Files\generator</Filter>
    </ClInclude>
    <ClInclude Include="source\container.h">
      <Filter>Header Files\generator</Filter>
    </ClInclude>
    <ClInclude Include="source\bsp_generator.h">
      <Filter>Header Files\generator</Filter>
    </ClInclude>
    <ClInclude Include="source\path.h">
      <Filter>Header Files\generator</Filter>
    </ClInclude>
    <ClInclude Include="source\maths_library.h">
      <Filter>Header Files</Filter>
    </ClInclude>
    <ClInclude Include="source\enemy_entity.h">
      <Filter>Header Files\entity</Filter>
    </ClInclude>
    <ClInclude Include="source\projectile_entity.h">
      <Filter>Header Files\entity</Filter>
    </ClInclude>
    <ClInclude Include="source\weapon_entity.h">
      <Filter>Header Files\entity</Filter>
    </ClInclude>
    <ClInclude Include="source\car_entity.h">
      <Filter>Header Files\entity</Filter>
    </ClInclude>
    <ClInclude Include="source\mount_entity.h">
      <Filter>Header Files\entity</Filter>
    </ClInclude>
    <ClInclude Include="source\seat_entity.h">
      <Filter>Header Files\entity</Filter>
    </ClInclude>
  </ItemGroup>
  <ItemGroup>
    <None Include="ClassDiagram1.cd" />
  </ItemGroup>
</Project>